
Microsoft Visual Studio Solution File, Format Version 12.00
# Visual Studio Version 17
VisualStudioVersion = 17.0.32112.339
MinimumVisualStudioVersion = 10.0.40219.1
Project("{9A19103F-16F7-4668-BE54-9A1E7A4F7556}") = "Task1", "Task1\Task1.csproj", "{A6318ED8-AE4D-400B-AD50-22FDA30B4497}"
EndProject
Project("{9A19103F-16F7-4668-BE54-9A1E7A4F7556}") = "Task2", "Task2\Task2.csproj", "{8387D571-884D-4F42-86CB-CACCF2EDDE94}"
EndProject
Project("{9A19103F-16F7-4668-BE54-9A1E7A4F7556}") = "Task3", "Task3\Task3.csproj", "{15ECBF18-523A-4CE3-9184-0430B4D1CF1F}"
EndProject
Project("{9A19103F-16F7-4668-BE54-9A1E7A4F7556}") = "Task4", "Task4\Task4.csproj", "{83416319-CF14-4D73-AE12-6CBA67BF8F0B}"
EndProject
Global
	GlobalSection(SolutionConfigurationPlatforms) = preSolution
		Debug|Any CPU = Debug|Any CPU
		Release|Any CPU = Release|Any CPU
	EndGlobalSection
	GlobalSection(ProjectConfigurationPlatforms) = postSolution
		{A6318ED8-AE4D-400B-AD50-22FDA30B4497}.Debug|Any CPU.ActiveCfg = Debug|Any CPU
		{A6318ED8-AE4D-400B-AD50-22FDA30B4497}.Debug|Any CPU.Build.0 = Debug|Any CPU
		{A6318ED8-AE4D-400B-AD50-22FDA30B4497}.Release|Any CPU.ActiveCfg = Release|Any CPU
		{A6318ED8-AE4D-400B-AD50-22FDA30B4497}.Release|Any CPU.Build.0 = Release|Any CPU
		{8387D571-884D-4F42-86CB-CACCF2EDDE94}.Debug|Any CPU.ActiveCfg = Debug|Any CPU
		{8387D571-884D-4F42-86CB-CACCF2EDDE94}.Debug|Any CPU.Build.0 = Debug|Any CPU
		{8387D571-884D-4F42-86CB-CACCF2EDDE94}.Release|Any CPU.ActiveCfg = Release|Any CPU
		{8387D571-884D-4F42-86CB-CACCF2EDDE94}.Release|Any CPU.Build.0 = Release|Any CPU
		{15ECBF18-523A-4CE3-9184-0430B4D1CF1F}.Debug|Any CPU.ActiveCfg = Debug|Any CPU
		{15ECBF18-523A-4CE3-9184-0430B4D1CF1F}.Debug|Any CPU.Build.0 = Debug|Any CPU
		{15ECBF18-523A-4CE3-9184-0430B4D1CF1F}.Release|Any CPU.ActiveCfg = Release|Any CPU
		{15ECBF18-523A-4CE3-9184-0430B4D1CF1F}.Release|Any CPU.Build.0 = Release|Any CPU
		{83416319-CF14-4D73-AE12-6CBA67BF8F0B}.Debug|Any CPU.ActiveCfg = Debug|Any CPU
		{83416319-CF14-4D73-AE12-6CBA67BF8F0B}.Debug|Any CPU.Build.0 = Debug|Any CPU
		{83416319-CF14-4D73-AE12-6CBA67BF8F0B}.Release|Any CPU.ActiveCfg = Release|Any CPU
		{83416319-CF14-4D73-AE12-6CBA67BF8F0B}.Release|Any CPU.Build.0 = Release|Any CPU
	EndGlobalSection
	GlobalSection(SolutionProperties) = preSolution
		HideSolutionNode = FALSE
	EndGlobalSection
	GlobalSection(ExtensibilityGlobals) = postSolution
		SolutionGuid = {72B1BA2E-714D-47EF-84DC-55C444089C8A}
	EndGlobalSection
EndGlobal
